
Microsoft Visual Studio Solution File, Format Version 12.00
# Visual Studio Version 16
VisualStudioVersion = 16.0.29728.190
MinimumVisualStudioVersion = 10.0.40219.1
Project("{FAE04EC0-301F-11D3-BF4B-00C04F79EFBC}") = "ElRealVentorillo", "ElRealVentorillo\ElRealVentorillo.csproj", "{78581990-A080-4397-A21C-912482F2CCDF}"
EndProject
Global
	GlobalSection(SolutionConfigurationPlatforms) = preSolution
		Debug|Any CPU = Debug|Any CPU
		Release|Any CPU = Release|Any CPU
	EndGlobalSection
	GlobalSection(ProjectConfigurationPlatforms) = postSolution
		{78581990-A080-4397-A21C-912482F2CCDF}.Debug|Any CPU.ActiveCfg = Debug|Any CPU
		{78581990-A080-4397-A21C-912482F2CCDF}.Debug|Any CPU.Build.0 = Debug|Any CPU
		{78581990-A080-4397-A21C-912482F2CCDF}.Release|Any CPU.ActiveCfg = Release|Any CPU
		{78581990-A080-4397-A21C-912482F2CCDF}.Release|Any CPU.Build.0 = Release|Any CPU
	EndGlobalSection
	GlobalSection(SolutionProperties) = preSolution
		HideSolutionNode = FALSE
	EndGlobalSection
	GlobalSection(ExtensibilityGlobals) = postSolution
		SolutionGuid = {957AC71B-B106-48E5-B37B-7A267A0A9733}
	EndGlobalSection
EndGlobal
